
Microsoft Visual Studio Solution File, Format Version 12.00
# Visual Studio 2017
Project("{FAE04EC0-301F-11D3-BF4B-00C04F79EFBC}") = "NumbersGame", "NumbersGame.csproj", "{7EB48ABC-B4F1-0B59-567D-85F5E9A1C182}"
EndProject
Global
	GlobalSection(SolutionConfigurationPlatforms) = preSolution
		Debug|Any CPU = Debug|Any CPU
		Release|Any CPU = Release|Any CPU
	EndGlobalSection
	GlobalSection(ProjectConfigurationPlatforms) = postSolution
		{7EB48ABC-B4F1-0B59-567D-85F5E9A1C182}.Debug|Any CPU.ActiveCfg = Debug|Any CPU
		{7EB48ABC-B4F1-0B59-567D-85F5E9A1C182}.Debug|Any CPU.Build.0 = Debug|Any CPU
		{7EB48ABC-B4F1-0B59-567D-85F5E9A1C182}.Release|Any CPU.ActiveCfg = Release|Any CPU
		{7EB48ABC-B4F1-0B59-567D-85F5E9A1C182}.Release|Any CPU.Build.0 = Release|Any CPU
	EndGlobalSection
	GlobalSection(SolutionProperties) = preSolution
		HideSolutionNode = FALSE
	EndGlobalSection
EndGlobal
